[[package]]
name = "byteorder"
version = "1.1.0"
source = "registry+https://github.com/rust-lang/crates.io-index"

[[package]]
name = "hog_detector"
version = "0.1.0"
dependencies = [
 "rmp-serde 0.13.7 (registry+https://github.com/rust-lang/crates.io-index)",
 "serde 1.0.17 (registry+https://github.com/rust-lang/crates.io-index)",
 "sysinfo 0.3.17 (registry+https://github.com/rust-lang/crates.io-index)",
]

[[package]]
name = "libc"
version = "0.2.31"
source = "registry+https://github.com/rust-lang/crates.io-index"

[[package]]
name = "num-traits"
version = "0.1.40"
source = "registry+https://github.com/rust-lang/crates.io-index"

[[package]]
name = "rmp"
version = "0.8.7"
source = "registry+https://github.com/rust-lang/crates.io-index"
dependencies = [
 "byteorder 1.1.0 (registry+https://github.com/rust-lang/crates.io-index)",
 "num-traits 0.1.40 (registry+https://github.com/rust-lang/crates.io-index)",
]

[[package]]
name = "rmp-serde"
version = "0.13.7"
source = "registry+https://github.com/rust-lang/crates.io-index"
dependencies = [
 "byteorder 1.1.0 (registry+https://github.com/rust-lang/crates.io-index)",
 "rmp 0.8.7 (registry+https://github.com/rust-lang/crates.io-index)",
 "serde 1.0.17 (registry+https://github.com/rust-lang/crates.io-index)",
]

[[package]]
name = "serde"
version = "1.0.17"
source = "registry+https://github.com/rust-lang/crates.io-index"

[[package]]
name = "sysinfo"
version = "0.3.17"
source = "registry+https://github.com/rust-lang/crates.io-index"
dependencies = [
 "libc 0.2.31 (registry+https://github.com/rust-lang/crates.io-index)",
]

[metadata]
"checksum byteorder 1.1.0 (registry+https://github.com/rust-lang/crates.io-index)" = "ff81738b726f5d099632ceaffe7fb65b90212e8dce59d518729e7e8634032d3d"
"checksum libc 0.2.31 (registry+https://github.com/rust-lang/crates.io-index)" = "d1419b2939a0bc44b77feb34661583c7546b532b192feab36249ab584b86856c"
"checksum num-traits 0.1.40 (registry+https://github.com/rust-lang/crates.io-index)" = "99843c856d68d8b4313b03a17e33c4bb42ae8f6610ea81b28abe076ac721b9b0"
"checksum rmp 0.8.7 (registry+https://github.com/rust-lang/crates.io-index)" = "a3d45d7afc9b132b34a2479648863aa95c5c88e98b32285326a6ebadc80ec5c9"
"checksum rmp-serde 0.13.7 (registry+https://github.com/rust-lang/crates.io-index)" = "011e1d58446e9fa3af7cdc1fb91295b10621d3ac4cb3a85cc86385ee9ca50cd3"
"checksum serde 1.0.17 (registry+https://github.com/rust-lang/crates.io-index)" = "d1d023215fabcf74f35f056ec7c2e3bc492b3207443150f8673309a40ba8d10a"
"checksum sysinfo 0.3.17 (registry+https://github.com/rust-lang/crates.io-index)" = "3a2387d81e77e99fb9f507c8999fe06a26ff089e0e26efa990736c265a3296f4"
